// !$*UTF8*$!
{
	archiveVersion = 1;
	classes = {
	};
	objectVersion = 56;
	objects = {

/* Begin PBXBuildFile section */
		561964A5290F88CC00D17F91 /* Game2Screen.swift in Sources */ = {isa = PBXBuildFile; fileRef = 561964A4290F88CC00D17F91 /* Game2Screen.swift */; };
		561964D7291266FB00D17F91 /* MemoryGame.swift in Sources */ = {isa = PBXBuildFile; fileRef = 561964D6291266FB00D17F91 /* MemoryGame.swift */; };
		561964DD2912673B00D17F91 /* GridLayout.swift in Sources */ = {isa = PBXBuildFile; fileRef = 561964D92912673B00D17F91 /* GridLayout.swift */; };
		561964DE2912673B00D17F91 /* Cardify.swift in Sources */ = {isa = PBXBuildFile; fileRef = 561964DA2912673B00D17F91 /* Cardify.swift */; };
		561964DF2912673B00D17F91 /* Pie.swift in Sources */ = {isa = PBXBuildFile; fileRef = 561964DB2912673B00D17F91 /* Pie.swift */; };
		561964E02912673B00D17F91 /* Grid.swift in Sources */ = {isa = PBXBuildFile; fileRef = 561964DC2912673B00D17F91 /* Grid.swift */; };
		561964E72912675700D17F91 /* String+ToArray.swift in Sources */ = {isa = PBXBuildFile; fileRef = 561964E22912675700D17F91 /* String+ToArray.swift */; };
		561964E82912675700D17F91 /* Array+Identifiable.swift in Sources */ = {isa = PBXBuildFile; fileRef = 561964E32912675700D17F91 /* Array+Identifiable.swift */; };
		561964E92912675700D17F91 /* Array+Only.swift in Sources */ = {isa = PBXBuildFile; fileRef = 561964E42912675700D17F91 /* Array+Only.swift */; };
		561964EA2912675700D17F91 /* Int+RandomExcludingSome.swift in Sources */ = {isa = PBXBuildFile; fileRef = 561964E52912675700D17F91 /* Int+RandomExcludingSome.swift */; };
		561964EE2912675D00D17F91 /* DefaultThemes.swift in Sources */ = {isa = PBXBuildFile; fileRef = 561964ED2912675D00D17F91 /* DefaultThemes.swift */; };
		561964F02912678D00D17F91 /* ThemeCollection.swift in Sources */ = {isa = PBXBuildFile; fileRef = 561964EF2912678D00D17F91 /* ThemeCollection.swift */; };
		561964F629126CE300D17F91 /* EmojiMemoryGameViewModel.swift in Sources */ = {isa = PBXBuildFile; fileRef = 561964F429126CE300D17F91 /* EmojiMemoryGameViewModel.swift */; };
		561964F729126CE300D17F91 /* ThemeCollectionManager.swift in Sources */ = {isa = PBXBuildFile; fileRef = 561964F529126CE300D17F91 /* ThemeCollectionManager.swift */; };
		561C003829151E32003720E5 /* watchStory.swift in Sources */ = {isa = PBXBuildFile; fileRef = 561C003729151E32003720E5 /* watchStory.swift */; };
		561C003A29151E4C003720E5 /* StoryTitlePage_letsBeFriends.swift in Sources */ = {isa = PBXBuildFile; fileRef = 561C003929151E4C003720E5 /* StoryTitlePage_letsBeFriends.swift */; };
		561C003D29151E98003720E5 /* letsBeFriends_1.swift in Sources */ = {isa = PBXBuildFile; fileRef = 561C003C29151E98003720E5 /* letsBeFriends_1.swift */; };
		561C003F29151F41003720E5 /* letsBeFriends_2.swift in Sources */ = {isa = PBXBuildFile; fileRef = 561C003E29151F41003720E5 /* letsBeFriends_2.swift */; };
		561C004129151F61003720E5 /* letsBeFriends_3.swift in Sources */ = {isa = PBXBuildFile; fileRef = 561C004029151F61003720E5 /* letsBeFriends_3.swift */; };
		561C004329151FFD003720E5 /* letsBeFriends_4.swift in Sources */ = {isa = PBXBuildFile; fileRef = 561C004229151FFD003720E5 /* letsBeFriends_4.swift */; };
		561C004529152017003720E5 /* letsBeFriends_5.swift in Sources */ = {isa = PBXBuildFile; fileRef = 561C004429152017003720E5 /* letsBeFriends_5.swift */; };
		561C004729152031003720E5 /* letsBeFriends_6.swift in Sources */ = {isa = PBXBuildFile; fileRef = 561C004629152031003720E5 /* letsBeFriends_6.swift */; };
		561C00492915221D003720E5 /* MainView.swift in Sources */ = {isa = PBXBuildFile; fileRef = 561C00482915221D003720E5 /* MainView.swift */; };
		561C004B29152249003720E5 /* RegestrationView.swift in Sources */ = {isa = PBXBuildFile; fileRef = 561C004A29152249003720E5 /* RegestrationView.swift */; };
		561DF6BD2913B62E007EF9B4 /* UIColor+RGBA.swift in Sources */ = {isa = PBXBuildFile; fileRef = 561DF6BC2913B62E007EF9B4 /* UIColor+RGBA.swift */; };
		561DF6BF2913B8EC007EF9B4 /* ChooseStoryScreen.swift in Sources */ = {isa = PBXBuildFile; fileRef = 561DF6BE2913B8EC007EF9B4 /* ChooseStoryScreen.swift */; };
		561DF6C12913B9E4007EF9B4 /* CardSwap.swift in Sources */ = {isa = PBXBuildFile; fileRef = 561DF6C02913B9E4007EF9B4 /* CardSwap.swift */; };
		567A3FE729098A2B005DA2F9 /* KeduApp.swift in Sources */ = {isa = PBXBuildFile; fileRef = 567A3FE629098A2B005DA2F9 /* KeduApp.swift */; };
		567A3FEB29098A2C005DA2F9 /* Assets.xcassets in Resources */ = {isa = PBXBuildFile; fileRef = 567A3FEA29098A2C005DA2F9 /* Assets.xcassets */; };
		567A3FF829098A2C005DA2F9 /* KeduTests.swift in Sources */ = {isa = PBXBuildFile; fileRef = 567A3FF729098A2C005DA2F9 /* KeduTests.swift */; };
		567A400229098A2C005DA2F9 /* KeduUITests.swift in Sources */ = {isa = PBXBuildFile; fileRef = 567A400129098A2C005DA2F9 /* KeduUITests.swift */; };
		567A400429098A2C005DA2F9 /* KeduUITestsLaunchTests.swift in Sources */ = {isa = PBXBuildFile; fileRef = 567A400329098A2C005DA2F9 /* KeduUITestsLaunchTests.swift */; };
		56B43D922915666D0087BAC9 /* ChooseActivityGame.swift in Sources */ = {isa = PBXBuildFile; fileRef = 56B43D912915666D0087BAC9 /* ChooseActivityGame.swift */; };
		56B43D94291566990087BAC9 /* MakeDecisionGame.swift in Sources */ = {isa = PBXBuildFile; fileRef = 56B43D93291566990087BAC9 /* MakeDecisionGame.swift */; };
		56B488D9290BD83900E463CB /* AnnieUseYourTelescope-Regular.ttf in Resources */ = {isa = PBXBuildFile; fileRef = 56B488D8290BD81600E463CB /* AnnieUseYourTelescope-Regular.ttf */; };
		56B488DF290C18FA00E463CB /* LogoScreen.swift in Sources */ = {isa = PBXBuildFile; fileRef = 56B488DE290C18FA00E463CB /* LogoScreen.swift */; };
		56C51BD929158EEA003435D9 /* About_us.swift in Sources */ = {isa = PBXBuildFile; fileRef = 56C51BD829158EEA003435D9 /* About_us.swift */; };
		56C51BDB291592B0003435D9 /* KeduSettings.swift in Sources */ = {isa = PBXBuildFile; fileRef = 56C51BDA291592B0003435D9 /* KeduSettings.swift */; };
		56C51BDD291596CE003435D9 /* Achievements.swift in Sources */ = {isa = PBXBuildFile; fileRef = 56C51BDC291596CE003435D9 /* Achievements.swift */; };
		56ED080A2912D9C4006176D6 /* Game2Screen2.swift in Sources */ = {isa = PBXBuildFile; fileRef = 56ED08092912D9C4006176D6 /* Game2Screen2.swift */; };
		56ED080C2912D9E5006176D6 /* Game1Screen.swift in Sources */ = {isa = PBXBuildFile; fileRef = 56ED080B2912D9E5006176D6 /* Game1Screen.swift */; };
/* End PBXBuildFile section */

/* Begin PBXContainerItemProxy section */
		567A3FF429098A2C005DA2F9 /* PBXContainerItemProxy */ = {
			isa = PBXContainerItemProxy;
			containerPortal = 567A3FDB29098A2A005DA2F9 /* Project object */;
			proxyType = 1;
			remoteGlobalIDString = 567A3FE229098A2B005DA2F9;
			remoteInfo = Kedu;
		};
		567A3FFE29098A2C005DA2F9 /* PBXContainerItemProxy */ = {
			isa = PBXContainerItemProxy;
			containerPortal = 567A3FDB29098A2A005DA2F9 /* Project object */;
			proxyType = 1;
			remoteGlobalIDString = 567A3FE229098A2B005DA2F9;
			remoteInfo = Kedu;
		};
/* End PBXContainerItemProxy section */

/* Begin PBXFileReference section */
		561964A4290F88CC00D17F91 /* Game2Screen.swift */ = {isa = PBXFileReference; lastKnownFileType = sourcecode.swift; path = Game2Screen.swift; sourceTree = "<group>"; };
		561964D6291266FB00D17F91 /* MemoryGame.swift */ = {isa = PBXFileReference; fileEncoding = 4; lastKnownFileType = sourcecode.swift; path = MemoryGame.swift; sourceTree = "<group>"; };
		561964D92912673B00D17F91 /* GridLayout.swift */ = {isa = PBXFileReference; fileEncoding = 4; lastKnownFileType = sourcecode.swift; path = GridLayout.swift; sourceTree = "<group>"; };
		561964DA2912673B00D17F91 /* Cardify.swift */ = {isa = PBXFileReference; fileEncoding = 4; lastKnownFileType = sourcecode.swift; path = Cardify.swift; sourceTree = "<group>"; };
		561964DB2912673B00D17F91 /* Pie.swift */ = {isa = PBXFileReference; fileEncoding = 4; lastKnownFileType = sourcecode.swift; path = Pie.swift; sourceTree = "<group>"; };
		561964DC2912673B00D17F91 /* Grid.swift */ = {isa = PBXFileReference; fileEncoding = 4; lastKnownFileType = sourcecode.swift; path = Grid.swift; sourceTree = "<group>"; };
		561964E22912675700D17F91 /* String+ToArray.swift */ = {isa = PBXFileReference; fileEncoding = 4; lastKnownFileType = sourcecode.swift; path = "String+ToArray.swift"; sourceTree = "<group>"; };
		561964E32912675700D17F91 /* Array+Identifiable.swift */ = {isa = PBXFileReference; fileEncoding = 4; lastKnownFileType = sourcecode.swift; path = "Array+Identifiable.swift"; sourceTree = "<group>"; };
		561964E42912675700D17F91 /* Array+Only.swift */ = {isa = PBXFileReference; fileEncoding = 4; lastKnownFileType = sourcecode.swift; path = "Array+Only.swift"; sourceTree = "<group>"; };
		561964E52912675700D17F91 /* Int+RandomExcludingSome.swift */ = {isa = PBXFileReference; fileEncoding = 4; lastKnownFileType = sourcecode.swift; path = "Int+RandomExcludingSome.swift"; sourceTree = "<group>"; };
		561964ED2912675D00D17F91 /* DefaultThemes.swift */ = {isa = PBXFileReference; fileEncoding = 4; lastKnownFileType = sourcecode.swift; path = DefaultThemes.swift; sourceTree = "<group>"; };
		561964EF2912678D00D17F91 /* ThemeCollection.swift */ = {isa = PBXFileReference; fileEncoding = 4; lastKnownFileType = sourcecode.swift; path = ThemeCollection.swift; sourceTree = "<group>"; };
		561964F429126CE300D17F91 /* EmojiMemoryGameViewModel.swift */ = {isa = PBXFileReference; fileEncoding = 4; lastKnownFileType = sourcecode.swift; path = EmojiMemoryGameViewModel.swift; sourceTree = "<group>"; };
		561964F529126CE300D17F91 /* ThemeCollectionManager.swift */ = {isa = PBXFileReference; fileEncoding = 4; lastKnownFileType = sourcecode.swift; path = ThemeCollectionManager.swift; sourceTree = "<group>"; };
		561C003729151E32003720E5 /* watchStory.swift */ = {isa = PBXFileReference; lastKnownFileType = sourcecode.swift; path = watchStory.swift; sourceTree = "<group>"; };
		561C003929151E4C003720E5 /* StoryTitlePage_letsBeFriends.swift */ = {isa = PBXFileReference; lastKnownFileType = sourcecode.swift; path = StoryTitlePage_letsBeFriends.swift; sourceTree = "<group>"; };
		561C003C29151E98003720E5 /* letsBeFriends_1.swift */ = {isa = PBXFileReference; lastKnownFileType = sourcecode.swift; path = letsBeFriends_1.swift; sourceTree = "<group>"; };
		561C003E29151F41003720E5 /* letsBeFriends_2.swift */ = {isa = PBXFileReference; lastKnownFileType = sourcecode.swift; path = letsBeFriends_2.swift; sourceTree = "<group>"; };
		561C004029151F61003720E5 /* letsBeFriends_3.swift */ = {isa = PBXFileReference; lastKnownFileType = sourcecode.swift; path = letsBeFriends_3.swift; sourceTree = "<group>"; };
		561C004229151FFD003720E5 /* letsBeFriends_4.swift */ = {isa = PBXFileReference; lastKnownFileType = sourcecode.swift; path = letsBeFriends_4.swift; sourceTree = "<group>"; };
		561C004429152017003720E5 /* letsBeFriends_5.swift */ = {isa = PBXFileReference; lastKnownFileType = sourcecode.swift; path = letsBeFriends_5.swift; sourceTree = "<group>"; };
		561C004629152031003720E5 /* letsBeFriends_6.swift */ = {isa = PBXFileReference; lastKnownFileType = sourcecode.swift; path = letsBeFriends_6.swift; sourceTree = "<group>"; };
		561C00482915221D003720E5 /* MainView.swift */ = {isa = PBXFileReference; lastKnownFileType = sourcecode.swift; path = MainView.swift; sourceTree = "<group>"; };
		561C004A29152249003720E5 /* RegestrationView.swift */ = {isa = PBXFileReference; lastKnownFileType = sourcecode.swift; path = RegestrationView.swift; sourceTree = "<group>"; };
		561DF6BC2913B62E007EF9B4 /* UIColor+RGBA.swift */ = {isa = PBXFileReference; lastKnownFileType = sourcecode.swift; path = "UIColor+RGBA.swift"; sourceTree = "<group>"; };
		561DF6BE2913B8EC007EF9B4 /* ChooseStoryScreen.swift */ = {isa = PBXFileReference; lastKnownFileType = sourcecode.swift; path = ChooseStoryScreen.swift; sourceTree = "<group>"; };
		561DF6C02913B9E4007EF9B4 /* CardSwap.swift */ = {isa = PBXFileReference; lastKnownFileType = sourcecode.swift; path = CardSwap.swift; sourceTree = "<group>"; };
		567A3FE329098A2B005DA2F9 /* Kedu.app */ = {isa = PBXFileReference; explicitFileType = wrapper.application; includeInIndex = 0; path = Kedu.app; sourceTree = BUILT_PRODUCTS_DIR; };
		567A3FE629098A2B005DA2F9 /* KeduApp.swift */ = {isa = PBXFileReference; lastKnownFileType = sourcecode.swift; path = KeduApp.swift; sourceTree = "<group>"; };
		567A3FEA29098A2C005DA2F9 /* Assets.xcassets */ = {isa = PBXFileReference; lastKnownFileType = folder.assetcatalog; path = Assets.xcassets; sourceTree = "<group>"; };
		567A3FF329098A2C005DA2F9 /* KeduTests.xctest */ = {isa = PBXFileReference; explicitFileType = wrapper.cfbundle; includeInIndex = 0; path = KeduTests.xctest; sourceTree = BUILT_PRODUCTS_DIR; };
		567A3FF729098A2C005DA2F9 /* KeduTests.swift */ = {isa = PBXFileReference; lastKnownFileType = sourcecode.swift; path = KeduTests.swift; sourceTree = "<group>"; };
		567A3FFD29098A2C005DA2F9 /* KeduUITests.xctest */ = {isa = PBXFileReference; explicitFileType = wrapper.cfbundle; includeInIndex = 0; path = KeduUITests.xctest; sourceTree = BUILT_PRODUCTS_DIR; };
		567A400129098A2C005DA2F9 /* KeduUITests.swift */ = {isa = PBXFileReference; lastKnownFileType = sourcecode.swift; path = KeduUITests.swift; sourceTree = "<group>"; };
		567A400329098A2C005DA2F9 /* KeduUITestsLaunchTests.swift */ = {isa = PBXFileReference; lastKnownFileType = sourcecode.swift; path = KeduUITestsLaunchTests.swift; sourceTree = "<group>"; };
		56B43D912915666D0087BAC9 /* ChooseActivityGame.swift */ = {isa = PBXFileReference; lastKnownFileType = sourcecode.swift; path = ChooseActivityGame.swift; sourceTree = "<group>"; };
		56B43D93291566990087BAC9 /* MakeDecisionGame.swift */ = {isa = PBXFileReference; lastKnownFileType = sourcecode.swift; path = MakeDecisionGame.swift; sourceTree = "<group>"; };
		56B488D8290BD81600E463CB /* AnnieUseYourTelescope-Regular.ttf */ = {isa = PBXFileReference; lastKnownFileType = file; path = "AnnieUseYourTelescope-Regular.ttf"; sourceTree = "<group>"; };
		56B488DB290BDB6000E463CB /* Info.plist */ = {isa = PBXFileReference; lastKnownFileType = text.plist; path = Info.plist; sourceTree = "<group>"; };
		56B488DE290C18FA00E463CB /* LogoScreen.swift */ = {isa = PBXFileReference; lastKnownFileType = sourcecode.swift; path = LogoScreen.swift; sourceTree = "<group>"; };
		56C51BD829158EEA003435D9 /* About_us.swift */ = {isa = PBXFileReference; lastKnownFileType = sourcecode.swift; path = About_us.swift; sourceTree = "<group>"; };
		56C51BDA291592B0003435D9 /* KeduSettings.swift */ = {isa = PBXFileReference; lastKnownFileType = sourcecode.swift; path = KeduSettings.swift; sourceTree = "<group>"; };
		56C51BDC291596CE003435D9 /* Achievements.swift */ = {isa = PBXFileReference; lastKnownFileType = sourcecode.swift; path = Achievements.swift; sourceTree = "<group>"; };
		56ED08092912D9C4006176D6 /* Game2Screen2.swift */ = {isa = PBXFileReference; lastKnownFileType = sourcecode.swift; path = Game2Screen2.swift; sourceTree = "<group>"; };
		56ED080B2912D9E5006176D6 /* Game1Screen.swift */ = {isa = PBXFileReference; lastKnownFileType = sourcecode.swift; path = Game1Screen.swift; sourceTree = "<group>"; };
/* End PBXFileReference section */

/* Begin PBXFrameworksBuildPhase section */
		567A3FE029098A2B005DA2F9 /* Frameworks */ = {
			isa = PBXFrameworksBuildPhase;
			buildActionMask = 2147483647;
			files = (
			);
			runOnlyForDeploymentPostprocessing = 0;
		};
		567A3FF029098A2C005DA2F9 /* Frameworks */ = {
			isa = PBXFrameworksBuildPhase;
			buildActionMask = 2147483647;
			files = (
			);
			runOnlyForDeploymentPostprocessing = 0;
		};
		567A3FFA29098A2C005DA2F9 /* Frameworks */ = {
			isa = PBXFrameworksBuildPhase;
			buildActionMask = 2147483647;
			files = (
			);
			runOnlyForDeploymentPostprocessing = 0;
		};
/* End PBXFrameworksBuildPhase section */

/* Begin PBXGroup section */
		561964CA29110F1400D17F91 /* Model */ = {
			isa = PBXGroup;
			children = (
				561964D6291266FB00D17F91 /* MemoryGame.swift */,
				561964EF2912678D00D17F91 /* ThemeCollection.swift */,
			);
			path = Model;
			sourceTree = "<group>";
		};
		561964D329119E2900D17F91 /* View */ = {
			isa = PBXGroup;
			children = (
				561C003B29151E85003720E5 /* story */,
				56B488DE290C18FA00E463CB /* LogoScreen.swift */,
				56ED080B2912D9E5006176D6 /* Game1Screen.swift */,
				561964A4290F88CC00D17F91 /* Game2Screen.swift */,
				56ED08092912D9C4006176D6 /* Game2Screen2.swift */,
				561DF6BE2913B8EC007EF9B4 /* ChooseStoryScreen.swift */,
				561DF6C02913B9E4007EF9B4 /* CardSwap.swift */,
				561C003729151E32003720E5 /* watchStory.swift */,
				561C003929151E4C003720E5 /* StoryTitlePage_letsBeFriends.swift */,
				561C00482915221D003720E5 /* MainView.swift */,
				561C004A29152249003720E5 /* RegestrationView.swift */,
				56B43D912915666D0087BAC9 /* ChooseActivityGame.swift */,
				56B43D93291566990087BAC9 /* MakeDecisionGame.swift */,
				56C51BD829158EEA003435D9 /* About_us.swift */,
				56C51BDA291592B0003435D9 /* KeduSettings.swift */,
				56C51BDC291596CE003435D9 /* Achievements.swift */,
			);
			path = View;
			sourceTree = "<group>";
		};
		561964D82912673B00D17F91 /* Structs */ = {
			isa = PBXGroup;
			children = (
				561964D92912673B00D17F91 /* GridLayout.swift */,
				561964DA2912673B00D17F91 /* Cardify.swift */,
				561964DB2912673B00D17F91 /* Pie.swift */,
				561964DC2912673B00D17F91 /* Grid.swift */,
				561964E12912675700D17F91 /* Extensions */,
				561964EC2912675D00D17F91 /* DefaultThemes */,
			);
			path = Structs;
			sourceTree = "<group>";
		};
		561964E12912675700D17F91 /* Extensions */ = {
			isa = PBXGroup;
			children = (
				561964E22912675700D17F91 /* String+ToArray.swift */,
				561964E32912675700D17F91 /* Array+Identifiable.swift */,
				561964E42912675700D17F91 /* Array+Only.swift */,
				561964E52912675700D17F91 /* Int+RandomExcludingSome.swift */,
				561DF6BC2913B62E007EF9B4 /* UIColor+RGBA.swift */,
			);
			path = Extensions;
			sourceTree = "<group>";
		};
		561964EC2912675D00D17F91 /* DefaultThemes */ = {
			isa = PBXGroup;
			children = (
				561964ED2912675D00D17F91 /* DefaultThemes.swift */,
			);
			path = DefaultThemes;
			sourceTree = "<group>";
		};
		561964F329126CE300D17F91 /* ViewModels */ = {
			isa = PBXGroup;
			children = (
				561964F429126CE300D17F91 /* EmojiMemoryGameViewModel.swift */,
				561964F529126CE300D17F91 /* ThemeCollectionManager.swift */,
			);
			path = ViewModels;
			sourceTree = "<group>";
		};
		561C003B29151E85003720E5 /* story */ = {
			isa = PBXGroup;
			children = (
				561C003C29151E98003720E5 /* letsBeFriends_1.swift */,
				561C003E29151F41003720E5 /* letsBeFriends_2.swift */,
				561C004029151F61003720E5 /* letsBeFriends_3.swift */,
				561C004229151FFD003720E5 /* letsBeFriends_4.swift */,
				561C004429152017003720E5 /* letsBeFriends_5.swift */,
				561C004629152031003720E5 /* letsBeFriends_6.swift */,
			);
			path = story;
			sourceTree = "<group>";
		};
		567A3FDA29098A2A005DA2F9 = {
			isa = PBXGroup;
			children = (
				567A3FE529098A2B005DA2F9 /* Kedu */,
				567A3FF629098A2C005DA2F9 /* KeduTests */,
				567A400029098A2C005DA2F9 /* KeduUITests */,
				567A3FE429098A2B005DA2F9 /* Products */,
			);
			sourceTree = "<group>";
		};
		567A3FE429098A2B005DA2F9 /* Products */ = {
			isa = PBXGroup;
			children = (
				567A3FE329098A2B005DA2F9 /* Kedu.app */,
				567A3FF329098A2C005DA2F9 /* KeduTests.xctest */,
				567A3FFD29098A2C005DA2F9 /* KeduUITests.xctest */,
			);
			name = Products;
			sourceTree = "<group>";
		};
		567A3FE529098A2B005DA2F9 /* Kedu */ = {
			isa = PBXGroup;
			children = (
				567A3FE629098A2B005DA2F9 /* KeduApp.swift */,
				561964D329119E2900D17F91 /* View */,
				561964CA29110F1400D17F91 /* Model */,
				561964F329126CE300D17F91 /* ViewModels */,
				561964D82912673B00D17F91 /* Structs */,
				56B488DA290BD95400E463CB /* Font */,
				567A3FEA29098A2C005DA2F9 /* Assets.xcassets */,
				56B488DB290BDB6000E463CB /* Info.plist */,
			);
			path = Kedu;
			sourceTree = "<group>";
		};
		567A3FF629098A2C005DA2F9 /* KeduTests */ = {
			isa = PBXGroup;
			children = (
				567A3FF729098A2C005DA2F9 /* KeduTests.swift */,
			);
			path = KeduTests;
			sourceTree = "<group>";
		};
		567A400029098A2C005DA2F9 /* KeduUITests */ = {
			isa = PBXGroup;
			children = (
				567A400129098A2C005DA2F9 /* KeduUITests.swift */,
				567A400329098A2C005DA2F9 /* KeduUITestsLaunchTests.swift */,
			);
			path = KeduUITests;
			sourceTree = "<group>";
		};
		56B488DA290BD95400E463CB /* Font */ = {
			isa = PBXGroup;
			children = (
				56B488D8290BD81600E463CB /* AnnieUseYourTelescope-Regular.ttf */,
			);
			path = Font;
			sourceTree = "<group>";
		};
/* End PBXGroup section */

/* Begin PBXNativeTarget section */
		567A3FE229098A2B005DA2F9 /* Kedu */ = {
			isa = PBXNativeTarget;
			buildConfigurationList = 567A400729098A2C005DA2F9 /* Build configuration list for PBXNativeTarget "Kedu" */;
			buildPhases = (
				567A3FDF29098A2B005DA2F9 /* Sources */,
				567A3FE029098A2B005DA2F9 /* Frameworks */,
				567A3FE129098A2B005DA2F9 /* Resources */,
			);
			buildRules = (
			);
			dependencies = (
			);
			name = Kedu;
			productName = Kedu;
			productReference = 567A3FE329098A2B005DA2F9 /* Kedu.app */;
			productType = "com.apple.product-type.application";
		};
		567A3FF229098A2C005DA2F9 /* KeduTests */ = {
			isa = PBXNativeTarget;
			buildConfigurationList = 567A400A29098A2C005DA2F9 /* Build configuration list for PBXNativeTarget "KeduTests" */;
			buildPhases = (
				567A3FEF29098A2C005DA2F9 /* Sources */,
				567A3FF029098A2C005DA2F9 /* Frameworks */,
				567A3FF129098A2C005DA2F9 /* Resources */,
			);
			buildRules = (
			);
			dependencies = (
				567A3FF529098A2C005DA2F9 /* PBXTargetDependency */,
			);
			name = KeduTests;
			productName = KeduTests;
			productReference = 567A3FF329098A2C005DA2F9 /* KeduTests.xctest */;
			productType = "com.apple.product-type.bundle.unit-test";
		};
		567A3FFC29098A2C005DA2F9 /* KeduUITests */ = {
			isa = PBXNativeTarget;
			buildConfigurationList = 567A400D29098A2C005DA2F9 /* Build configuration list for PBXNativeTarget "KeduUITests" */;
			buildPhases = (
				567A3FF929098A2C005DA2F9 /* Sources */,
				567A3FFA29098A2C005DA2F9 /* Frameworks */,
				567A3FFB29098A2C005DA2F9 /* Resources */,
			);
			buildRules = (
			);
			dependencies = (
				567A3FFF29098A2C005DA2F9 /* PBXTargetDependency */,
			);
			name = KeduUITests;
			productName = KeduUITests;
			productReference = 567A3FFD29098A2C005DA2F9 /* KeduUITests.xctest */;
			productType = "com.apple.product-type.bundle.ui-testing";
		};
/* End PBXNativeTarget section */

/* Begin PBXProject section */
		567A3FDB29098A2A005DA2F9 /* Project object */ = {
			isa = PBXProject;
			attributes = {
				BuildIndependentTargetsInParallel = 1;
				LastSwiftUpdateCheck = 1400;
				LastUpgradeCheck = 1400;
				TargetAttributes = {
					567A3FE229098A2B005DA2F9 = {
						CreatedOnToolsVersion = 14.0.1;
					};
					567A3FF229098A2C005DA2F9 = {
						CreatedOnToolsVersion = 14.0.1;
						TestTargetID = 567A3FE229098A2B005DA2F9;
					};
					567A3FFC29098A2C005DA2F9 = {
						CreatedOnToolsVersion = 14.0.1;
						TestTargetID = 567A3FE229098A2B005DA2F9;
					};
				};
			};
			buildConfigurationList = 567A3FDE29098A2A005DA2F9 /* Build configuration list for PBXProject "Kedu" */;
			compatibilityVersion = "Xcode 14.0";
			developmentRegion = en;
			hasScannedForEncodings = 0;
			knownRegions = (
				en,
				Base,
			);
			mainGroup = 567A3FDA29098A2A005DA2F9;
			productRefGroup = 567A3FE429098A2B005DA2F9 /* Products */;
			projectDirPath = "";
			projectRoot = "";
			targets = (
				567A3FE229098A2B005DA2F9 /* Kedu */,
				567A3FF229098A2C005DA2F9 /* KeduTests */,
				567A3FFC29098A2C005DA2F9 /* KeduUITests */,
			);
		};
/* End PBXProject section */

/* Begin PBXResourcesBuildPhase section */
		567A3FE129098A2B005DA2F9 /* Resources */ = {
			isa = PBXResourcesBuildPhase;
			buildActionMask = 2147483647;
			files = (
				56B488D9290BD83900E463CB /* AnnieUseYourTelescope-Regular.ttf in Resources */,
				567A3FEB29098A2C005DA2F9 /* Assets.xcassets in Resources */,
			);
			runOnlyForDeploymentPostprocessing = 0;
		};
		567A3FF129098A2C005DA2F9 /* Resources */ = {
			isa = PBXResourcesBuildPhase;
			buildActionMask = 2147483647;
			files = (
			);
			runOnlyForDeploymentPostprocessing = 0;
		};
		567A3FFB29098A2C005DA2F9 /* Resources */ = {
			isa = PBXResourcesBuildPhase;
			buildActionMask = 2147483647;
			files = (
			);
			runOnlyForDeploymentPostprocessing = 0;
		};
/* End PBXResourcesBuildPhase section */

/* Begin PBXSourcesBuildPhase section */
		567A3FDF29098A2B005DA2F9 /* Sources */ = {
			isa = PBXSourcesBuildPhase;
			buildActionMask = 2147483647;
			files = (
				561964F629126CE300D17F91 /* EmojiMemoryGameViewModel.swift in Sources */,
				56C51BDD291596CE003435D9 /* Achievements.swift in Sources */,
				561C003A29151E4C003720E5 /* StoryTitlePage_letsBeFriends.swift in Sources */,
				56C51BD929158EEA003435D9 /* About_us.swift in Sources */,
				561C004529152017003720E5 /* letsBeFriends_5.swift in Sources */,
				561964E72912675700D17F91 /* String+ToArray.swift in Sources */,
				561964F02912678D00D17F91 /* ThemeCollection.swift in Sources */,
				561964E92912675700D17F91 /* Array+Only.swift in Sources */,
				561964EA2912675700D17F91 /* Int+RandomExcludingSome.swift in Sources */,
				561964D7291266FB00D17F91 /* MemoryGame.swift in Sources */,
				561C004B29152249003720E5 /* RegestrationView.swift in Sources */,
				561C004329151FFD003720E5 /* letsBeFriends_4.swift in Sources */,
				56B488DF290C18FA00E463CB /* LogoScreen.swift in Sources */,
				56ED080C2912D9E5006176D6 /* Game1Screen.swift in Sources */,
				561964F729126CE300D17F91 /* ThemeCollectionManager.swift in Sources */,
				561964E02912673B00D17F91 /* Grid.swift in Sources */,
				561C00492915221D003720E5 /* MainView.swift in Sources */,
				56ED080A2912D9C4006176D6 /* Game2Screen2.swift in Sources */,
				561DF6BD2913B62E007EF9B4 /* UIColor+RGBA.swift in Sources */,
				561C004729152031003720E5 /* letsBeFriends_6.swift in Sources */,
				561DF6BF2913B8EC007EF9B4 /* ChooseStoryScreen.swift in Sources */,
				561964EE2912675D00D17F91 /* DefaultThemes.swift in Sources */,
				561964DE2912673B00D17F91 /* Cardify.swift in Sources */,
				567A3FE729098A2B005DA2F9 /* KeduApp.swift in Sources */,
				561964A5290F88CC00D17F91 /* Game2Screen.swift in Sources */,
				561C003D29151E98003720E5 /* letsBeFriends_1.swift in Sources */,
				561DF6C12913B9E4007EF9B4 /* CardSwap.swift in Sources */,
				56C51BDB291592B0003435D9 /* KeduSettings.swift in Sources */,
				561964DF2912673B00D17F91 /* Pie.swift in Sources */,
				561C003F29151F41003720E5 /* letsBeFriends_2.swift in Sources */,
				56B43D922915666D0087BAC9 /* ChooseActivityGame.swift in Sources */,
				561964E82912675700D17F91 /* Array+Identifiable.swift in Sources */,
				561964DD2912673B00D17F91 /* GridLayout.swift in Sources */,
				561C004129151F61003720E5 /* letsBeFriends_3.swift in Sources */,
				561C003829151E32003720E5 /* watchStory.swift in Sources */,
				56B43D94291566990087BAC9 /* MakeDecisionGame.swift in Sources */,
			);
			runOnlyForDeploymentPostprocessing = 0;
		};
		567A3FEF29098A2C005DA2F9 /* Sources */ = {
			isa = PBXSourcesBuildPhase;
			buildActionMask = 2147483647;
			files = (
				567A3FF829098A2C005DA2F9 /* KeduTests.swift in Sources */,
			);
			runOnlyForDeploymentPostprocessing = 0;
		};
		567A3FF929098A2C005DA2F9 /* Sources */ = {
			isa = PBXSourcesBuildPhase;
			buildActionMask = 2147483647;
			files = (
				567A400229098A2C005DA2F9 /* KeduUITests.swift in Sources */,
				567A400429098A2C005DA2F9 /* KeduUITestsLaunchTests.swift in Sources */,
			);
			runOnlyForDeploymentPostprocessing = 0;
		};
/* End PBXSourcesBuildPhase section */

/* Begin PBXTargetDependency section */
		567A3FF529098A2C005DA2F9 /* PBXTargetDependency */ = {
			isa = PBXTargetDependency;
			target = 567A3FE229098A2B005DA2F9 /* Kedu */;
			targetProxy = 567A3FF429098A2C005DA2F9 /* PBXContainerItemProxy */;
		};
		567A3FFF29098A2C005DA2F9 /* PBXTargetDependency */ = {
			isa = PBXTargetDependency;
			target = 567A3FE229098A2B005DA2F9 /* Kedu */;
			targetProxy = 567A3FFE29098A2C005DA2F9 /* PBXContainerItemProxy */;
		};
/* End PBXTargetDependency section */

/* Begin XCBuildConfiguration section */
		567A400529098A2C005DA2F9 /* Debug */ = {
			isa = XCBuildConfiguration;
			buildSettings = {
				ALWAYS_SEARCH_USER_PATHS = NO;
				CLANG_ANALYZER_NONNULL = YES;
				CLANG_ANALYZER_NUMBER_OBJECT_CONVERSION = YES_AGGRESSIVE;
				CLANG_CXX_LANGUAGE_STANDARD = "gnu++20";
				CLANG_ENABLE_MODULES = YES;
				CLANG_ENABLE_OBJC_ARC = YES;
				CLANG_ENABLE_OBJC_WEAK = YES;
				CLANG_WARN_BLOCK_CAPTURE_AUTORELEASING = YES;
				CLANG_WARN_BOOL_CONVERSION = YES;
				CLANG_WARN_COMMA = YES;
				CLANG_WARN_CONSTANT_CONVERSION = YES;
				CLANG_WARN_DEPRECATED_OBJC_IMPLEMENTATIONS = YES;
				CLANG_WARN_DIRECT_OBJC_ISA_USAGE = YES_ERROR;
				CLANG_WARN_DOCUMENTATION_COMMENTS = YES;
				CLANG_WARN_EMPTY_BODY = YES;
				CLANG_WARN_ENUM_CONVERSION = YES;
				CLANG_WARN_INFINITE_RECURSION = YES;
				CLANG_WARN_INT_CONVERSION = YES;
				CLANG_WARN_NON_LITERAL_NULL_CONVERSION = YES;
				CLANG_WARN_OBJC_IMPLICIT_RETAIN_SELF = YES;
				CLANG_WARN_OBJC_LITERAL_CONVERSION = YES;
				CLANG_WARN_OBJC_ROOT_CLASS = YES_ERROR;
				CLANG_WARN_QUOTED_INCLUDE_IN_FRAMEWORK_HEADER = YES;
				CLANG_WARN_RANGE_LOOP_ANALYSIS = YES;
				CLANG_WARN_STRICT_PROTOTYPES = YES;
				CLANG_WARN_SUSPICIOUS_MOVE = YES;
				CLANG_WARN_UNGUARDED_AVAILABILITY = YES_AGGRESSIVE;
				CLANG_WARN_UNREACHABLE_CODE = YES;
				CLANG_WARN__DUPLICATE_METHOD_MATCH = YES;
				COPY_PHASE_STRIP = NO;
				DEBUG_INFORMATION_FORMAT = dwarf;
				ENABLE_STRICT_OBJC_MSGSEND = YES;
				ENABLE_TESTABILITY = YES;
				GCC_C_LANGUAGE_STANDARD = gnu11;
				GCC_DYNAMIC_NO_PIC = NO;
				GCC_NO_COMMON_BLOCKS = YES;
				GCC_OPTIMIZATION_LEVEL = 0;
				GCC_PREPROCESSOR_DEFINITIONS = (
					"DEBUG=1",
					"$(inherited)",
				);
				GCC_WARN_64_TO_32_BIT_CONVERSION = YES;
				GCC_WARN_ABOUT_RETURN_TYPE = YES_ERROR;
				GCC_WARN_UNDECLARED_SELECTOR = YES;
				GCC_WARN_UNINITIALIZED_AUTOS = YES_AGGRESSIVE;
				GCC_WARN_UNUSED_FUNCTION = YES;
				GCC_WARN_UNUSED_VARIABLE = YES;
				IPHONEOS_DEPLOYMENT_TARGET = 16.0;
				MTL_ENABLE_DEBUG_INFO = INCLUDE_SOURCE;
				MTL_FAST_MATH = YES;
				ONLY_ACTIVE_ARCH = YES;
				SDKROOT = iphoneos;
				SWIFT_ACTIVE_COMPILATION_CONDITIONS = DEBUG;
				SWIFT_OPTIMIZATION_LEVEL = "-Onone";
			};
			name = Debug;
		};
		567A400629098A2C005DA2F9 /* Release */ = {
			isa = XCBuildConfiguration;
			buildSettings = {
				ALWAYS_SEARCH_USER_PATHS = NO;
				CLANG_ANALYZER_NONNULL = YES;
				CLANG_ANALYZER_NUMBER_OBJECT_CONVERSION = YES_AGGRESSIVE;
				CLANG_CXX_LANGUAGE_STANDARD = "gnu++20";
				CLANG_ENABLE_MODULES = YES;
				CLANG_ENABLE_OBJC_ARC = YES;
				CLANG_ENABLE_OBJC_WEAK = YES;
				CLANG_WARN_BLOCK_CAPTURE_AUTORELEASING = YES;
				CLANG_WARN_BOOL_CONVERSION = YES;
				CLANG_WARN_COMMA = YES;
				CLANG_WARN_CONSTANT_CONVERSION = YES;
				CLANG_WARN_DEPRECATED_OBJC_IMPLEMENTATIONS = YES;
				CLANG_WARN_DIRECT_OBJC_ISA_USAGE = YES_ERROR;
				CLANG_WARN_DOCUMENTATION_COMMENTS = YES;
				CLANG_WARN_EMPTY_BODY = YES;
				CLANG_WARN_ENUM_CONVERSION = YES;
				CLANG_WARN_INFINITE_RECURSION = YES;
				CLANG_WARN_INT_CONVERSION = YES;
				CLANG_WARN_NON_LITERAL_NULL_CONVERSION = YES;
				CLANG_WARN_OBJC_IMPLICIT_RETAIN_SELF = YES;
				CLANG_WARN_OBJC_LITERAL_CONVERSION = YES;
				CLANG_WARN_OBJC_ROOT_CLASS = YES_ERROR;
				CLANG_WARN_QUOTED_INCLUDE_IN_FRAMEWORK_HEADER = YES;
				CLANG_WARN_RANGE_LOOP_ANALYSIS = YES;
				CLANG_WARN_STRICT_PROTOTYPES = YES;
				CLANG_WARN_SUSPICIOUS_MOVE = YES;
				CLANG_WARN_UNGUARDED_AVAILABILITY = YES_AGGRESSIVE;
				CLANG_WARN_UNREACHABLE_CODE = YES;
				CLANG_WARN__DUPLICATE_METHOD_MATCH = YES;
				COPY_PHASE_STRIP = NO;
				DEBUG_INFORMATION_FORMAT = "dwarf-with-dsym";
				ENABLE_NS_ASSERTIONS = NO;
				ENABLE_STRICT_OBJC_MSGSEND = YES;
				GCC_C_LANGUAGE_STANDARD = gnu11;
				GCC_NO_COMMON_BLOCKS = YES;
				GCC_WARN_64_TO_32_BIT_CONVERSION = YES;
				GCC_WARN_ABOUT_RETURN_TYPE = YES_ERROR;
				GCC_WARN_UNDECLARED_SELECTOR = YES;
				GCC_WARN_UNINITIALIZED_AUTOS = YES_AGGRESSIVE;
				GCC_WARN_UNUSED_FUNCTION = YES;
				GCC_WARN_UNUSED_VARIABLE = YES;
				IPHONEOS_DEPLOYMENT_TARGET = 16.0;
				MTL_ENABLE_DEBUG_INFO = NO;
				MTL_FAST_MATH = YES;
				SDKROOT = iphoneos;
				SWIFT_COMPILATION_MODE = wholemodule;
				SWIFT_OPTIMIZATION_LEVEL = "-O";
				VALIDATE_PRODUCT = YES;
			};
			name = Release;
		};
		567A400829098A2C005DA2F9 /* Debug */ = {
			isa = XCBuildConfiguration;
			buildSettings = {
				ASSETCATALOG_COMPILER_APPICON_NAME = AppIcon;
				ASSETCATALOG_COMPILER_GLOBAL_ACCENT_COLOR_NAME = AccentColor;
				CODE_SIGN_STYLE = Automatic;
				CURRENT_PROJECT_VERSION = 1;
				DEVELOPMENT_ASSET_PATHS = "\"Kedu/Preview Content\"";
				ENABLE_PREVIEWS = YES;
				GENERATE_INFOPLIST_FILE = YES;
				INFOPLIST_FILE = Kedu/Info.plist;
				INFOPLIST_KEY_CFBundleDisplayName = "";
				INFOPLIST_KEY_LSApplicationCategoryType = "";
				INFOPLIST_KEY_UIApplicationSceneManifest_Generation = YES;
				INFOPLIST_KEY_UIApplicationSupportsIndirectInputEvents = YES;
				INFOPLIST_KEY_UILaunchScreen_Generation = YES;
				INFOPLIST_KEY_UISupportedInterfaceOrientations = "UIInterfaceOrientationLandscapeLeft UIInterfaceOrientationPortrait";
				INFOPLIST_KEY_UISupportedInterfaceOrientations_iPad = UIInterfaceOrientationLandscapeLeft;
				LD_RUNPATH_SEARCH_PATHS = (
					"$(inherited)",
					"@executable_path/Frameworks",
				);
				MARKETING_VERSION = 1.0;
				PRODUCT_BUNDLE_IDENTIFIER = me.Kedu;
				PRODUCT_NAME = "$(TARGET_NAME)";
				SWIFT_EMIT_LOC_STRINGS = YES;
				SWIFT_VERSION = 5.0;
				TARGETED_DEVICE_FAMILY = "1,2";
			};
			name = Debug;
		};
		567A400929098A2C005DA2F9 /* Release */ = {
			isa = XCBuildConfiguration;
			buildSettings = {
				ASSETCATALOG_COMPILER_APPICON_NAME = AppIcon;
				ASSETCATALOG_COMPILER_GLOBAL_ACCENT_COLOR_NAME = AccentColor;
				CODE_SIGN_STYLE = Automatic;
				CURRENT_PROJECT_VERSION = 1;
				DEVELOPMENT_ASSET_PATHS = "\"Kedu/Preview Content\"";
				ENABLE_PREVIEWS = YES;
				GENERATE_INFOPLIST_FILE = YES;
				INFOPLIST_FILE = Kedu/Info.plist;
				INFOPLIST_KEY_CFBundleDisplayName = "";
				INFOPLIST_KEY_LSApplicationCategoryType = "";
				INFOPLIST_KEY_UIApplicationSceneManifest_Generation = YES;
				INFOPLIST_KEY_UIApplicationSupportsIndirectInputEvents = YES;
				INFOPLIST_KEY_UILaunchScreen_Generation = YES;
				INFOPLIST_KEY_UISupportedInterfaceOrientations = "UIInterfaceOrientationLandscapeLeft UIInterfaceOrientationPortrait";
				INFOPLIST_KEY_UISupportedInterfaceOrientations_iPad = UIInterfaceOrientationLandscapeLeft;
				LD_RUNPATH_SEARCH_PATHS = (
					"$(inherited)",
					"@executable_path/Frameworks",
				);
				MARKETING_VERSION = 1.0;
				PRODUCT_BUNDLE_IDENTIFIER = me.Kedu;
				PRODUCT_NAME = "$(TARGET_NAME)";
				SWIFT_EMIT_LOC_STRINGS = YES;
				SWIFT_VERSION = 5.0;
				TARGETED_DEVICE_FAMILY = "1,2";
			};
			name = Release;
		};
		567A400B29098A2C005DA2F9 /* Debug */ = {
			isa = XCBuildConfiguration;
			buildSettings = {
				ALWAYS_EMBED_SWIFT_STANDARD_LIBRARIES = YES;
				BUNDLE_LOADER = "$(TEST_HOST)";
				CODE_SIGN_STYLE = Automatic;
				CURRENT_PROJECT_VERSION = 1;
				GENERATE_INFOPLIST_FILE = YES;
				IPHONEOS_DEPLOYMENT_TARGET = 16.0;
				MARKETING_VERSION = 1.0;
				PRODUCT_BUNDLE_IDENTIFIER = me.KeduTests;
				PRODUCT_NAME = "$(TARGET_NAME)";
				SWIFT_EMIT_LOC_STRINGS = NO;
				SWIFT_VERSION = 5.0;
				TARGETED_DEVICE_FAMILY = "1,2";
				TEST_HOST = "$(BUILT_PRODUCTS_DIR)/Kedu.app/$(BUNDLE_EXECUTABLE_FOLDER_PATH)/Kedu";
			};
			name = Debug;
		};
		567A400C29098A2C005DA2F9 /* Release */ = {
			isa = XCBuildConfiguration;
			buildSettings = {
				ALWAYS_EMBED_SWIFT_STANDARD_LIBRARIES = YES;
				BUNDLE_LOADER = "$(TEST_HOST)";
				CODE_SIGN_STYLE = Automatic;
				CURRENT_PROJECT_VERSION = 1;
				GENERATE_INFOPLIST_FILE = YES;
				IPHONEOS_DEPLOYMENT_TARGET = 16.0;
				MARKETING_VERSION = 1.0;
				PRODUCT_BUNDLE_IDENTIFIER = me.KeduTests;
				PRODUCT_NAME = "$(TARGET_NAME)";
				SWIFT_EMIT_LOC_STRINGS = NO;
				SWIFT_VERSION = 5.0;
				TARGETED_DEVICE_FAMILY = "1,2";
				TEST_HOST = "$(BUILT_PRODUCTS_DIR)/Kedu.app/$(BUNDLE_EXECUTABLE_FOLDER_PATH)/Kedu";
			};
			name = Release;
		};
		567A400E29098A2C005DA2F9 /* Debug */ = {
			isa = XCBuildConfiguration;
			buildSettings = {
				ALWAYS_EMBED_SWIFT_STANDARD_LIBRARIES = YES;
				CODE_SIGN_STYLE = Automatic;
				CURRENT_PROJECT_VERSION = 1;
				GENERATE_INFOPLIST_FILE = YES;
				MARKETING_VERSION = 1.0;
				PRODUCT_BUNDLE_IDENTIFIER = me.KeduUITests;
				PRODUCT_NAME = "$(TARGET_NAME)";
				SWIFT_EMIT_LOC_STRINGS = NO;
				SWIFT_VERSION = 5.0;
				TARGETED_DEVICE_FAMILY = "1,2";
				TEST_TARGET_NAME = Kedu;
			};
			name = Debug;
		};
		567A400F29098A2C005DA2F9 /* Release */ = {
			isa = XCBuildConfiguration;
			buildSettings = {
				ALWAYS_EMBED_SWIFT_STANDARD_LIBRARIES = YES;
				CODE_SIGN_STYLE = Automatic;
				CURRENT_PROJECT_VERSION = 1;
				GENERATE_INFOPLIST_FILE = YES;
				MARKETING_VERSION = 1.0;
				PRODUCT_BUNDLE_IDENTIFIER = me.KeduUITests;
				PRODUCT_NAME = "$(TARGET_NAME)";
				SWIFT_EMIT_LOC_STRINGS = NO;
				SWIFT_VERSION = 5.0;
				TARGETED_DEVICE_FAMILY = "1,2";
				TEST_TARGET_NAME = Kedu;
			};
			name = Release;
		};
/* End XCBuildConfiguration section */

/* Begin XCConfigurationList section */
		567A3FDE29098A2A005DA2F9 /* Build configuration list for PBXProject "Kedu" */ = {
			isa = XCConfigurationList;
			buildConfigurations = (
				567A400529098A2C005DA2F9 /* Debug */,
				567A400629098A2C005DA2F9 /* Release */,
			);
			defaultConfigurationIsVisible = 0;
			defaultConfigurationName = Release;
		};
		567A400729098A2C005DA2F9 /* Build configuration list for PBXNativeTarget "Kedu" */ = {
			isa = XCConfigurationList;
			buildConfigurations = (
				567A400829098A2C005DA2F9 /* Debug */,
				567A400929098A2C005DA2F9 /* Release */,
			);
			defaultConfigurationIsVisible = 0;
			defaultConfigurationName = Release;
		};
		567A400A29098A2C005DA2F9 /* Build configuration list for PBXNativeTarget "KeduTests" */ = {
			isa = XCConfigurationList;
			buildConfigurations = (
				567A400B29098A2C005DA2F9 /* Debug */,
				567A400C29098A2C005DA2F9 /* Release */,
			);
			defaultConfigurationIsVisible = 0;
			defaultConfigurationName = Release;
		};
		567A400D29098A2C005DA2F9 /* Build configuration list for PBXNativeTarget "KeduUITests" */ = {
			isa = XCConfigurationList;
			buildConfigurations = (
				567A400E29098A2C005DA2F9 /* Debug */,
				567A400F29098A2C005DA2F9 /* Release */,
			);
			defaultConfigurationIsVisible = 0;
			defaultConfigurationName = Release;
		};
/* End XCConfigurationList section */
	};
	rootObject = 567A3FDB29098A2A005DA2F9 /* Project object */;
}
